
Microsoft Visual Studio Solution File, Format Version 12.00
# Visual Studio Version 17
VisualStudioVersion = 17.11.35222.181
MinimumVisualStudioVersion = 10.0.40219.1
Project("{FAE04EC0-301F-11D3-BF4B-00C04F79EFBC}") = "WebUITests", "WebUITests\WebUITests.csproj", "{011E7A77-AFE4-46BC-8B30-B86EACA2461D}"
EndProject
Global
	GlobalSection(SolutionConfigurationPlatforms) = preSolution
		Debug|Any CPU = Debug|Any CPU
		Release|Any CPU = Release|Any CPU
	EndGlobalSection
	GlobalSection(ProjectConfigurationPlatforms) = postSolution
		{011E7A77-AFE4-46BC-8B30-B86EACA2461D}.Debug|Any CPU.ActiveCfg = Debug|Any CPU
		{011E7A77-AFE4-46BC-8B30-B86EACA2461D}.Debug|Any CPU.Build.0 = Debug|Any CPU
		{011E7A77-AFE4-46BC-8B30-B86EACA2461D}.Release|Any CPU.ActiveCfg = Release|Any CPU
		{011E7A77-AFE4-46BC-8B30-B86EACA2461D}.Release|Any CPU.Build.0 = Release|Any CPU
	EndGlobalSection
	GlobalSection(SolutionProperties) = preSolution
		HideSolutionNode = FALSE
	EndGlobalSection
	GlobalSection(ExtensibilityGlobals) = postSolution
		SolutionGuid = {8ACB4BBD-C345-47B9-8BA7-4764673D8B20}
	EndGlobalSection
EndGlobal
